
Microsoft Visual Studio Solution File, Format Version 12.00
# Visual Studio 15
VisualStudioVersion = 15.0.28307.1267
MinimumVisualStudioVersion = 10.0.40219.1
Project("{8BC9CEB8-8B4A-11D0-8D11-00A0C91BC942}") = "ParallelAlgorithms1", "ParallelAlgorithms1\ParallelAlgorithms1.vcxproj", "{63D9F753-5397-4928-8CFE-971C00DBDFDD}"
EndProject
Global
	GlobalSection(SolutionConfigurationPlatforms) = preSolution
		Debug|x64 = Debug|x64
		Debug|x86 = Debug|x86
		Release|x64 = Release|x64
		Release|x86 = Release|x86
	EndGlobalSection
	GlobalSection(ProjectConfigurationPlatforms) = postSolution
		{63D9F753-5397-4928-8CFE-971C00DBDFDD}.Debug|x64.ActiveCfg = Debug|x64
		{63D9F753-5397-4928-8CFE-971C00DBDFDD}.Debug|x64.Build.0 = Debug|x64
		{63D9F753-5397-4928-8CFE-971C00DBDFDD}.Debug|x86.ActiveCfg = Debug|Win32
		{63D9F753-5397-4928-8CFE-971C00DBDFDD}.Debug|x86.Build.0 = Debug|Win32
		{63D9F753-5397-4928-8CFE-971C00DBDFDD}.Release|x64.ActiveCfg = Release|x64
		{63D9F753-5397-4928-8CFE-971C00DBDFDD}.Release|x64.Build.0 = Release|x64
		{63D9F753-5397-4928-8CFE-971C00DBDFDD}.Release|x86.ActiveCfg = Release|Win32
		{63D9F753-5397-4928-8CFE-971C00DBDFDD}.Release|x86.Build.0 = Release|Win32
	EndGlobalSection
	GlobalSection(SolutionProperties) = preSolution
		HideSolutionNode = FALSE
	EndGlobalSection
	GlobalSection(ExtensibilityGlobals) = postSolution
		SolutionGuid = {96940F78-5E72-4209-9F11-EACB7ECD427F}
	EndGlobalSection
EndGlobal
